{
  "name": "anticore",
  "version": "3.2.1",
  "lockfileVersion": 1,
  "requires": true,
  "dependencies": {
    "anticore-core": {
      "version": "1.0.2",
      "resolved": "https://registry.npmjs.org/anticore-core/-/anticore-core-1.0.2.tgz",
      "integrity": "sha512-jLMWgiVQNv+5+59wV7T2SouGpa0+dWUtyetAB3uKW3TKZG1O2t9Nn0cl6mawv0pQlh3fiBe4FGDvC5pJhYRdYA=="
    },
    "anticore-dom": {
      "version": "1.0.5",
      "resolved": "https://registry.npmjs.org/anticore-dom/-/anticore-dom-1.0.5.tgz",
      "integrity": "sha512-s9/kZBvHcLSoMUUQYh4nPcm14hKlHBjW5UmqoTc21pVXDBwTd6zjM/OudufVuLnPnz/lSlYs5coZG5M7lzytYQ==",
      "requires": {
        "anticore-core": "1.0.2"
      }
    },
    "anticore-utils": {
      "version": "1.0.3",
      "resolved": "https://registry.npmjs.org/anticore-utils/-/anticore-utils-1.0.3.tgz",
      "integrity": "sha512-yWpEaPMvjQctUGqDn9zYzgi+09annGzB4RChGlUsBsrE2NaYiNtICmynKeqrDoXn9PERzqIxnvY0CZYqf1S0QQ==",
      "requires": {
        "anticore-core": "1.0.2"
      }
    }
  }
}
