{
  "name": "anticore",
  "version": "3.0.7",
  "lockfileVersion": 1,
  "requires": true,
  "dependencies": {
    "anticore-core": {
      "version": "1.0.0",
      "resolved": "https://registry.npmjs.org/anticore-core/-/anticore-core-1.0.0.tgz",
      "integrity": "sha512-63GPpTQ5wjpbOunx2l1MO2SkhZIO9zKnRAWX/aA52/58W5jEaR5F3I7FIcStKIljTD7AaB4J2PUndXUiddacBA=="
    },
    "anticore-dom": {
      "version": "1.0.1",
      "resolved": "https://registry.npmjs.org/anticore-dom/-/anticore-dom-1.0.1.tgz",
      "integrity": "sha512-1ilinhuA634dR3WNLAcGdz5MiEX93YYUPeb7aQOYzks5H+z4SgliMOynfBjJ/OuY+pM3UKkhmX1Utx+6T5o8JQ==",
      "requires": {
        "anticore-core": "1.0.0"
      }
    },
    "anticore-utils": {
      "version": "1.0.0",
      "resolved": "https://registry.npmjs.org/anticore-utils/-/anticore-utils-1.0.0.tgz",
      "integrity": "sha512-ydlKFKRn708O6Im6vD+LK+K02JLJQ60NsTUj1DDNl3iRyuLso8Mkexq6v1CXivRvzSsVG5ZzUyIyZe6BxaSKvg==",
      "requires": {
        "anticore-core": "1.0.0"
      }
    }
  }
}
